
Microsoft Visual Studio Solution File, Format Version 12.00
# Visual Studio 15
VisualStudioVersion = 15.0.28010.2048
MinimumVisualStudioVersion = 10.0.40219.1
Project("{FAE04EC0-301F-11D3-BF4B-00C04F79EFBC}") = "ClassLibrary1", "ClassLibrary1\ClassLibrary1.csproj", "{49A52ED0-362D-41E8-AFA8-303200E2E2A8}"
EndProject
Global
	GlobalSection(SolutionConfigurationPlatforms) = preSolution
		Debug|Any CPU = Debug|Any CPU
		Release|Any CPU = Release|Any CPU
	EndGlobalSection
	GlobalSection(ProjectConfigurationPlatforms) = postSolution
		{49A52ED0-362D-41E8-AFA8-303200E2E2A8}.Debug|Any CPU.ActiveCfg = Debug|Any CPU
		{49A52ED0-362D-41E8-AFA8-303200E2E2A8}.Debug|Any CPU.Build.0 = Debug|Any CPU
		{49A52ED0-362D-41E8-AFA8-303200E2E2A8}.Release|Any CPU.ActiveCfg = Release|Any CPU
		{49A52ED0-362D-41E8-AFA8-303200E2E2A8}.Release|Any CPU.Build.0 = Release|Any CPU
	EndGlobalSection
	GlobalSection(SolutionProperties) = preSolution
		HideSolutionNode = FALSE
	EndGlobalSection
	GlobalSection(ExtensibilityGlobals) = postSolution
		SolutionGuid = {96329FF9-DA10-4E2E-944A-5A2C4AFB075C}
	EndGlobalSection
EndGlobal
